// !$*UTF8*$!
{
	archiveVersion = 1;
	classes = {
	};
	objectVersion = 50;
	objects = {

/* Begin PBXBuildFile section */
		19529CF6216BFD7F00BB8649 /* AppDelegate.swift in Sources */ = {isa = PBXBuildFile; fileRef = 19529CF5216BFD7F00BB8649 /* AppDelegate.swift */; };
		19529CFB216BFD7F00BB8649 /* Main.storyboard in Resources */ = {isa = PBXBuildFile; fileRef = 19529CF9216BFD7F00BB8649 /* Main.storyboard */; };
		19529CFD216BFD8000BB8649 /* Assets.xcassets in Resources */ = {isa = PBXBuildFile; fileRef = 19529CFC216BFD8000BB8649 /* Assets.xcassets */; };
		19529D00216BFD8000BB8649 /* LaunchScreen.storyboard in Resources */ = {isa = PBXBuildFile; fileRef = 19529CFE216BFD8000BB8649 /* LaunchScreen.storyboard */; };
		19529D0A216C03E700BB8649 /* Alarm.swift in Sources */ = {isa = PBXBuildFile; fileRef = 19529D09216C03E700BB8649 /* Alarm.swift */; };
		19529D0D216C073500BB8649 /* AlarmController.swift in Sources */ = {isa = PBXBuildFile; fileRef = 19529D0C216C073500BB8649 /* AlarmController.swift */; };
		19529D10216C1FEA00BB8649 /* AlarmTableViewCell.swift in Sources */ = {isa = PBXBuildFile; fileRef = 19529D0F216C1FEA00BB8649 /* AlarmTableViewCell.swift */; };
		19529D12216C200000BB8649 /* AlarmTableViewController.swift in Sources */ = {isa = PBXBuildFile; fileRef = 19529D11216C200000BB8649 /* AlarmTableViewController.swift */; };
		19529D14216C201200BB8649 /* AlarmDetailTableViewController.swift in Sources */ = {isa = PBXBuildFile; fileRef = 19529D13216C201200BB8649 /* AlarmDetailTableViewController.swift */; };
/* End PBXBuildFile section */

/* Begin PBXFileReference section */
		19529CF2216BFD7F00BB8649 /* Alarm.app */ = {isa = PBXFileReference; explicitFileType = wrapper.application; includeInIndex = 0; path = Alarm.app; sourceTree = BUILT_PRODUCTS_DIR; };
		19529CF5216BFD7F00BB8649 /* AppDelegate.swift */ = {isa = PBXFileReference; lastKnownFileType = sourcecode.swift; path = AppDelegate.swift; sourceTree = "<group>"; };
		19529CFA216BFD7F00BB8649 /* Base */ = {isa = PBXFileReference; lastKnownFileType = file.storyboard; name = Base; path = Base.lproj/Main.storyboard; sourceTree = "<group>"; };
		19529CFC216BFD8000BB8649 /* Assets.xcassets */ = {isa = PBXFileReference; lastKnownFileType = folder.assetcatalog; path = Assets.xcassets; sourceTree = "<group>"; };
		19529CFF216BFD8000BB8649 /* Base */ = {isa = PBXFileReference; lastKnownFileType = file.storyboard; name = Base; path = Base.lproj/LaunchScreen.storyboard; sourceTree = "<group>"; };
		19529D01216BFD8000BB8649 /* Info.plist */ = {isa = PBXFileReference; lastKnownFileType = text.plist.xml; path = Info.plist; sourceTree = "<group>"; };
		19529D09216C03E700BB8649 /* Alarm.swift */ = {isa = PBXFileReference; lastKnownFileType = sourcecode.swift; path = Alarm.swift; sourceTree = "<group>"; };
		19529D0C216C073500BB8649 /* AlarmController.swift */ = {isa = PBXFileReference; lastKnownFileType = sourcecode.swift; path = AlarmController.swift; sourceTree = "<group>"; };
		19529D0F216C1FEA00BB8649 /* AlarmTableViewCell.swift */ = {isa = PBXFileReference; lastKnownFileType = sourcecode.swift; path = AlarmTableViewCell.swift; sourceTree = "<group>"; };
		19529D11216C200000BB8649 /* AlarmTableViewController.swift */ = {isa = PBXFileReference; lastKnownFileType = sourcecode.swift; path = AlarmTableViewController.swift; sourceTree = "<group>"; };
		19529D13216C201200BB8649 /* AlarmDetailTableViewController.swift */ = {isa = PBXFileReference; lastKnownFileType = sourcecode.swift; path = AlarmDetailTableViewController.swift; sourceTree = "<group>"; };
/* End PBXFileReference section */

/* Begin PBXFrameworksBuildPhase section */
		19529CEF216BFD7F00BB8649 /* Frameworks */ = {
			isa = PBXFrameworksBuildPhase;
			buildActionMask = 2147483647;
			files = (
			);
			runOnlyForDeploymentPostprocessing = 0;
		};
/* End PBXFrameworksBuildPhase section */

/* Begin PBXGroup section */
		19529CE9216BFD7F00BB8649 = {
			isa = PBXGroup;
			children = (
				19529CF4216BFD7F00BB8649 /* Alarm */,
				19529CF3216BFD7F00BB8649 /* Products */,
			);
			sourceTree = "<group>";
		};
		19529CF3216BFD7F00BB8649 /* Products */ = {
			isa = PBXGroup;
			children = (
				19529CF2216BFD7F00BB8649 /* Alarm.app */,
			);
			name = Products;
			sourceTree = "<group>";
		};
		19529CF4216BFD7F00BB8649 /* Alarm */ = {
			isa = PBXGroup;
			children = (
				19529D07216BFD9000BB8649 /* View */,
				19529D0B216C070D00BB8649 /* Model */,
				19529D08216BFD9800BB8649 /* Resources */,
				19529D0E216C11CC00BB8649 /* ModelController */,
				19529D11216C200000BB8649 /* AlarmTableViewController.swift */,
				19529D13216C201200BB8649 /* AlarmDetailTableViewController.swift */,
			);
			path = Alarm;
			sourceTree = "<group>";
		};
		19529D07216BFD9000BB8649 /* View */ = {
			isa = PBXGroup;
			children = (
				19529CF9216BFD7F00BB8649 /* Main.storyboard */,
				19529CFE216BFD8000BB8649 /* LaunchScreen.storyboard */,
				19529D0F216C1FEA00BB8649 /* AlarmTableViewCell.swift */,
			);
			path = View;
			sourceTree = "<group>";
		};
		19529D08216BFD9800BB8649 /* Resources */ = {
			isa = PBXGroup;
			children = (
				19529CFC216BFD8000BB8649 /* Assets.xcassets */,
				19529CF5216BFD7F00BB8649 /* AppDelegate.swift */,
				19529D01216BFD8000BB8649 /* Info.plist */,
			);
			path = Resources;
			sourceTree = "<group>";
		};
		19529D0B216C070D00BB8649 /* Model */ = {
			isa = PBXGroup;
			children = (
				19529D09216C03E700BB8649 /* Alarm.swift */,
			);
			path = Model;
			sourceTree = "<group>";
		};
		19529D0E216C11CC00BB8649 /* ModelController */ = {
			isa = PBXGroup;
			children = (
				19529D0C216C073500BB8649 /* AlarmController.swift */,
			);
			name = ModelController;
			path = "New Group";
			sourceTree = "<group>";
		};
/* End PBXGroup section */

/* Begin PBXNativeTarget section */
		19529CF1216BFD7F00BB8649 /* Alarm */ = {
			isa = PBXNativeTarget;
			buildConfigurationList = 19529D04216BFD8000BB8649 /* Build configuration list for PBXNativeTarget "Alarm" */;
			buildPhases = (
				19529CEE216BFD7F00BB8649 /* Sources */,
				19529CEF216BFD7F00BB8649 /* Frameworks */,
				19529CF0216BFD7F00BB8649 /* Resources */,
			);
			buildRules = (
			);
			dependencies = (
			);
			name = Alarm;
			productName = Alarm;
			productReference = 19529CF2216BFD7F00BB8649 /* Alarm.app */;
			productType = "com.apple.product-type.application";
		};
/* End PBXNativeTarget section */

/* Begin PBXProject section */
		19529CEA216BFD7F00BB8649 /* Project object */ = {
			isa = PBXProject;
			attributes = {
				LastSwiftUpdateCheck = 1000;
				LastUpgradeCheck = 1000;
				ORGANIZATIONNAME = "Xavier ios dev";
				TargetAttributes = {
					19529CF1216BFD7F00BB8649 = {
						CreatedOnToolsVersion = 10.0;
					};
				};
			};
			buildConfigurationList = 19529CED216BFD7F00BB8649 /* Build configuration list for PBXProject "Alarm" */;
			compatibilityVersion = "Xcode 9.3";
			developmentRegion = en;
			hasScannedForEncodings = 0;
			knownRegions = (
				en,
				Base,
			);
			mainGroup = 19529CE9216BFD7F00BB8649;
			productRefGroup = 19529CF3216BFD7F00BB8649 /* Products */;
			projectDirPath = "";
			projectRoot = "";
			targets = (
				19529CF1216BFD7F00BB8649 /* Alarm */,
			);
		};
/* End PBXProject section */

/* Begin PBXResourcesBuildPhase section */
		19529CF0216BFD7F00BB8649 /* Resources */ = {
			isa = PBXResourcesBuildPhase;
			buildActionMask = 2147483647;
			files = (
				19529D00216BFD8000BB8649 /* LaunchScreen.storyboard in Resources */,
				19529CFD216BFD8000BB8649 /* Assets.xcassets in Resources */,
				19529CFB216BFD7F00BB8649 /* Main.storyboard in Resources */,
			);
			runOnlyForDeploymentPostprocessing = 0;
		};
/* End PBXResourcesBuildPhase section */

/* Begin PBXSourcesBuildPhase section */
		19529CEE216BFD7F00BB8649 /* Sources */ = {
			isa = PBXSourcesBuildPhase;
			buildActionMask = 2147483647;
			files = (
				19529D14216C201200BB8649 /* AlarmDetailTableViewController.swift in Sources */,
				19529CF6216BFD7F00BB8649 /* AppDelegate.swift in Sources */,
				19529D12216C200000BB8649 /* AlarmTableViewController.swift in Sources */,
				19529D0A216C03E700BB8649 /* Alarm.swift in Sources */,
				19529D0D216C073500BB8649 /* AlarmController.swift in Sources */,
				19529D10216C1FEA00BB8649 /* AlarmTableViewCell.swift in Sources */,
			);
			runOnlyForDeploymentPostprocessing = 0;
		};
/* End PBXSourcesBuildPhase section */

/* Begin PBXVariantGroup section */
		19529CF9216BFD7F00BB8649 /* Main.storyboard */ = {
			isa = PBXVariantGroup;
			children = (
				19529CFA216BFD7F00BB8649 /* Base */,
			);
			name = Main.storyboard;
			sourceTree = "<group>";
		};
		19529CFE216BFD8000BB8649 /* LaunchScreen.storyboard */ = {
			isa = PBXVariantGroup;
			children = (
				19529CFF216BFD8000BB8649 /* Base */,
			);
			name = LaunchScreen.storyboard;
			sourceTree = "<group>";
		};
/* End PBXVariantGroup section */

/* Begin XCBuildConfiguration section */
		19529D02216BFD8000BB8649 /* Debug */ = {
			isa = XCBuildConfiguration;
			buildSettings = {
				ALWAYS_SEARCH_USER_PATHS = NO;
				CLANG_ANALYZER_NONNULL = YES;
				CLANG_ANALYZER_NUMBER_OBJECT_CONVERSION = YES_AGGRESSIVE;
				CLANG_CXX_LANGUAGE_STANDARD = "gnu++14";
				CLANG_CXX_LIBRARY = "libc++";
				CLANG_ENABLE_MODULES = YES;
				CLANG_ENABLE_OBJC_ARC = YES;
				CLANG_ENABLE_OBJC_WEAK = YES;
				CLANG_WARN_BLOCK_CAPTURE_AUTORELEASING = YES;
				CLANG_WARN_BOOL_CONVERSION = YES;
				CLANG_WARN_COMMA = YES;
				CLANG_WARN_CONSTANT_CONVERSION = YES;
				CLANG_WARN_DEPRECATED_OBJC_IMPLEMENTATIONS = YES;
				CLANG_WARN_DIRECT_OBJC_ISA_USAGE = YES_ERROR;
				CLANG_WARN_DOCUMENTATION_COMMENTS = YES;
				CLANG_WARN_EMPTY_BODY = YES;
				CLANG_WARN_ENUM_CONVERSION = YES;
				CLANG_WARN_INFINITE_RECURSION = YES;
				CLANG_WARN_INT_CONVERSION = YES;
				CLANG_WARN_NON_LITERAL_NULL_CONVERSION = YES;
				CLANG_WARN_OBJC_IMPLICIT_RETAIN_SELF = YES;
				CLANG_WARN_OBJC_LITERAL_CONVERSION = YES;
				CLANG_WARN_OBJC_ROOT_CLASS = YES_ERROR;
				CLANG_WARN_RANGE_LOOP_ANALYSIS = YES;
				CLANG_WARN_STRICT_PROTOTYPES = YES;
				CLANG_WARN_SUSPICIOUS_MOVE = YES;
				CLANG_WARN_UNGUARDED_AVAILABILITY = YES_AGGRESSIVE;
				CLANG_WARN_UNREACHABLE_CODE = YES;
				CLANG_WARN__DUPLICATE_METHOD_MATCH = YES;
				CODE_SIGN_IDENTITY = "iPhone Developer";
				COPY_PHASE_STRIP = NO;
				DEBUG_INFORMATION_FORMAT = dwarf;
				ENABLE_STRICT_OBJC_MSGSEND = YES;
				ENABLE_TESTABILITY = YES;
				GCC_C_LANGUAGE_STANDARD = gnu11;
				GCC_DYNAMIC_NO_PIC = NO;
				GCC_NO_COMMON_BLOCKS = YES;
				GCC_OPTIMIZATION_LEVEL = 0;
				GCC_PREPROCESSOR_DEFINITIONS = (
					"DEBUG=1",
					"$(inherited)",
				);
				GCC_WARN_64_TO_32_BIT_CONVERSION = YES;
				GCC_WARN_ABOUT_RETURN_TYPE = YES_ERROR;
				GCC_WARN_UNDECLARED_SELECTOR = YES;
				GCC_WARN_UNINITIALIZED_AUTOS = YES_AGGRESSIVE;
				GCC_WARN_UNUSED_FUNCTION = YES;
				GCC_WARN_UNUSED_VARIABLE = YES;
				IPHONEOS_DEPLOYMENT_TARGET = 12.0;
				MTL_ENABLE_DEBUG_INFO = INCLUDE_SOURCE;
				MTL_FAST_MATH = YES;
				ONLY_ACTIVE_ARCH = YES;
				SDKROOT = iphoneos;
				SWIFT_ACTIVE_COMPILATION_CONDITIONS = DEBUG;
				SWIFT_OPTIMIZATION_LEVEL = "-Onone";
			};
			name = Debug;
		};
		19529D03216BFD8000BB8649 /* Release */ = {
			isa = XCBuildConfiguration;
			buildSettings = {
				ALWAYS_SEARCH_USER_PATHS = NO;
				CLANG_ANALYZER_NONNULL = YES;
				CLANG_ANALYZER_NUMBER_OBJECT_CONVERSION = YES_AGGRESSIVE;
				CLANG_CXX_LANGUAGE_STANDARD = "gnu++14";
				CLANG_CXX_LIBRARY = "libc++";
				CLANG_ENABLE_MODULES = YES;
				CLANG_ENABLE_OBJC_ARC = YES;
				CLANG_ENABLE_OBJC_WEAK = YES;
				CLANG_WARN_BLOCK_CAPTURE_AUTORELEASING = YES;
				CLANG_WARN_BOOL_CONVERSION = YES;
				CLANG_WARN_COMMA = YES;
				CLANG_WARN_CONSTANT_CONVERSION = YES;
				CLANG_WARN_DEPRECATED_OBJC_IMPLEMENTATIONS = YES;
				CLANG_WARN_DIRECT_OBJC_ISA_USAGE = YES_ERROR;
				CLANG_WARN_DOCUMENTATION_COMMENTS = YES;
				CLANG_WARN_EMPTY_BODY = YES;
				CLANG_WARN_ENUM_CONVERSION = YES;
				CLANG_WARN_INFINITE_RECURSION = YES;
				CLANG_WARN_INT_CONVERSION = YES;
				CLANG_WARN_NON_LITERAL_NULL_CONVERSION = YES;
				CLANG_WARN_OBJC_IMPLICIT_RETAIN_SELF = YES;
				CLANG_WARN_OBJC_LITERAL_CONVERSION = YES;
				CLANG_WARN_OBJC_ROOT_CLASS = YES_ERROR;
				CLANG_WARN_RANGE_LOOP_ANALYSIS = YES;
				CLANG_WARN_STRICT_PROTOTYPES = YES;
				CLANG_WARN_SUSPICIOUS_MOVE = YES;
				CLANG_WARN_UNGUARDED_AVAILABILITY = YES_AGGRESSIVE;
				CLANG_WARN_UNREACHABLE_CODE = YES;
				CLANG_WARN__DUPLICATE_METHOD_MATCH = YES;
				CODE_SIGN_IDENTITY = "iPhone Developer";
				COPY_PHASE_STRIP = NO;
				DEBUG_INFORMATION_FORMAT = "dwarf-with-dsym";
				ENABLE_NS_ASSERTIONS = NO;
				ENABLE_STRICT_OBJC_MSGSEND = YES;
				GCC_C_LANGUAGE_STANDARD = gnu11;
				GCC_NO_COMMON_BLOCKS = YES;
				GCC_WARN_64_TO_32_BIT_CONVERSION = YES;
				GCC_WARN_ABOUT_RETURN_TYPE = YES_ERROR;
				GCC_WARN_UNDECLARED_SELECTOR = YES;
				GCC_WARN_UNINITIALIZED_AUTOS = YES_AGGRESSIVE;
				GCC_WARN_UNUSED_FUNCTION = YES;
				GCC_WARN_UNUSED_VARIABLE = YES;
				IPHONEOS_DEPLOYMENT_TARGET = 12.0;
				MTL_ENABLE_DEBUG_INFO = NO;
				MTL_FAST_MATH = YES;
				SDKROOT = iphoneos;
				SWIFT_COMPILATION_MODE = wholemodule;
				SWIFT_OPTIMIZATION_LEVEL = "-O";
				VALIDATE_PRODUCT = YES;
			};
			name = Release;
		};
		19529D05216BFD8000BB8649 /* Debug */ = {
			isa = XCBuildConfiguration;
			buildSettings = {
				ASSETCATALOG_COMPILER_APPICON_NAME = AppIcon;
				CODE_SIGN_STYLE = Automatic;
				DEVELOPMENT_TEAM = 57CQ48CJGQ;
				INFOPLIST_FILE = "$(SRCROOT)/Alarm/Resources/Info.plist";
				LD_RUNPATH_SEARCH_PATHS = (
					"$(inherited)",
					"@executable_path/Frameworks",
				);
				PRODUCT_BUNDLE_IDENTIFIER = COM.Xavierwatts.Alarm;
				PRODUCT_NAME = "$(TARGET_NAME)";
				SWIFT_VERSION = 4.2;
				TARGETED_DEVICE_FAMILY = "1,2";
			};
			name = Debug;
		};
		19529D06216BFD8000BB8649 /* Release */ = {
			isa = XCBuildConfiguration;
			buildSettings = {
				ASSETCATALOG_COMPILER_APPICON_NAME = AppIcon;
				CODE_SIGN_STYLE = Automatic;
				DEVELOPMENT_TEAM = 57CQ48CJGQ;
				INFOPLIST_FILE = "$(SRCROOT)/Alarm/Resources/Info.plist";
				LD_RUNPATH_SEARCH_PATHS = (
					"$(inherited)",
					"@executable_path/Frameworks",
				);
				PRODUCT_BUNDLE_IDENTIFIER = COM.Xavierwatts.Alarm;
				PRODUCT_NAME = "$(TARGET_NAME)";
				SWIFT_VERSION = 4.2;
				TARGETED_DEVICE_FAMILY = "1,2";
			};
			name = Release;
		};
/* End XCBuildConfiguration section */

/* Begin XCConfigurationList section */
		19529CED216BFD7F00BB8649 /* Build configuration list for PBXProject "Alarm" */ = {
			isa = XCConfigurationList;
			buildConfigurations = (
				19529D02216BFD8000BB8649 /* Debug */,
				19529D03216BFD8000BB8649 /* Release */,
			);
			defaultConfigurationIsVisible = 0;
			defaultConfigurationName = Release;
		};
		19529D04216BFD8000BB8649 /* Build configuration list for PBXNativeTarget "Alarm" */ = {
			isa = XCConfigurationList;
			buildConfigurations = (
				19529D05216BFD8000BB8649 /* Debug */,
				19529D06216BFD8000BB8649 /* Release */,
			);
			defaultConfigurationIsVisible = 0;
			defaultConfigurationName = Release;
		};
/* End XCConfigurationList section */
	};
	rootObject = 19529CEA216BFD7F00BB8649 /* Project object */;
}
